
Microsoft Visual Studio Solution File, Format Version 12.00
# Visual Studio Version 17
VisualStudioVersion = 17.11.35327.3
MinimumVisualStudioVersion = 10.0.40219.1
Project("{FAE04EC0-301F-11D3-BF4B-00C04F79EFBC}") = "mf-dev-backend", "mf-dev-backend\mf-dev-backend.csproj", "{1DAC5363-EE24-4F12-9FD6-C4F97A5E4FC8}"
EndProject
Global
	GlobalSection(SolutionConfigurationPlatforms) = preSolution
		Debug|Any CPU = Debug|Any CPU
		Release|Any CPU = Release|Any CPU
	EndGlobalSection
	GlobalSection(ProjectConfigurationPlatforms) = postSolution
		{1DAC5363-EE24-4F12-9FD6-C4F97A5E4FC8}.Debug|Any CPU.ActiveCfg = Debug|Any CPU
		{1DAC5363-EE24-4F12-9FD6-C4F97A5E4FC8}.Debug|Any CPU.Build.0 = Debug|Any CPU
		{1DAC5363-EE24-4F12-9FD6-C4F97A5E4FC8}.Release|Any CPU.ActiveCfg = Release|Any CPU
		{1DAC5363-EE24-4F12-9FD6-C4F97A5E4FC8}.Release|Any CPU.Build.0 = Release|Any CPU
	EndGlobalSection
	GlobalSection(SolutionProperties) = preSolution
		HideSolutionNode = FALSE
	EndGlobalSection
	GlobalSection(ExtensibilityGlobals) = postSolution
		SolutionGuid = {BBF8906A-5026-4CCF-BB87-D54348748F34}
	EndGlobalSection
EndGlobal
